# This file is automatically @generated by Cargo.
# It is not intended for manual editing.
version = 4

[[package]]
name = "esp8266"
version = "0.0.1"
dependencies = [
 "esp8266-sys",
]

[[package]]
name = "esp8266-sys"
version = "0.0.1"

[[package]]
name = "hello"
version = "0.0.0"
dependencies = [
 "esp8266",
]
